PODS:
  - Astrolabe (5.1.0):
    - Astrolabe/Core (= 5.1.0)
  - Astrolabe/Core (5.1.0):
    - RxCocoa (~> 5)
    - RxSwift (~> 5)
  - DailymotionPlayerSDK (3.8.0)
  - Dioptra/AV (5.1.12):
    - Dioptra/Core
    - RxReachability
  - Dioptra/Core (5.1.12):
    - RxCocoa (~> 5)
    - RxGesture (~> 3)
    - RxSwift (~> 5)
  - Dioptra/DM (5.1.12):
    - DailymotionPlayerSDK
    - Dioptra/Core
    - RxReachability
  - Dioptra/Presentation (5.1.12):
    - RxCocoa (~> 5)
    - RxGesture (~> 3)
    - RxSwift (~> 5)
  - Dioptra/YT (5.1.12):
    - Dioptra/Core
    - RxReachability
    - youtube-ios-player-helper
  - Dioptra_Chromecast (5.0):
    - Dioptra/Core
    - google-cast-sdk
  - google-cast-sdk (4.5.3):
    - google-cast-sdk/Core (= 4.5.3)
    - GTMSessionFetcher/Core (~> 1.1)
    - Protobuf (~> 3.13)
  - google-cast-sdk/Core (4.5.3):
    - GTMSessionFetcher/Core (~> 1.1)
    - Protobuf (~> 3.13)
  - GTMSessionFetcher/Core (1.5.0)
  - Kingfisher (4.10.1)
  - Nimble (7.3.4)
  - Protobuf (3.15.8)
  - Quick (2.2.0)
  - ReachabilitySwift (5.0.0)
  - RxBlocking (5.0.1):
    - RxSwift (~> 5)
  - RxCocoa (5.0.1):
    - RxRelay (~> 5)
    - RxSwift (~> 5)
  - RxGesture (3.0.1):
    - RxCocoa (~> 5.0)
    - RxSwift (~> 5.0)
  - RxReachability (1.1.0):
    - ReachabilitySwift (~> 5.0)
    - RxCocoa (~> 5)
    - RxSwift (~> 5)
  - RxRelay (5.0.1):
    - RxSwift (~> 5)
  - RxSwift (5.0.1)
  - RxTest (5.0.1):
    - RxSwift (~> 5)
  - SnapKit (4.2.0)
  - youtube-ios-player-helper (0.1.6)

DEPENDENCIES:
  - Astrolabe
  - Dioptra/AV (from `.`)
  - Dioptra/DM (from `.`)
  - Dioptra/Presentation (from `.`)
  - Dioptra/YT (from `.`)
  - Dioptra_Chromecast (from `.`)
  - Kingfisher
  - Nimble (~> 7.0)
  - Quick
  - RxBlocking
  - RxTest
  - SnapKit (~> 4.0)

SPEC REPOS:
  https://github.com/CocoaPods/Specs.git:
    - Astrolabe
    - DailymotionPlayerSDK
    - google-cast-sdk
    - GTMSessionFetcher
    - Kingfisher
    - Nimble
    - Protobuf
    - Quick
    - ReachabilitySwift
    - RxBlocking
    - RxCocoa
    - RxGesture
    - RxReachability
    - RxRelay
    - RxSwift
    - RxTest
    - SnapKit
    - youtube-ios-player-helper

EXTERNAL SOURCES:
  Dioptra:
    :path: "."
  Dioptra_Chromecast:
    :path: "."

SPEC CHECKSUMS:
  Astrolabe: 4da23a9da1a934fd8854765e79f53674c4ac19dd
  DailymotionPlayerSDK: 75f5d8d20f646fab64ecaf92a73ff62983f0efc3
  Dioptra: db3d3434c28371cff1dea2f526a182f9ccfb34a0
  Dioptra_Chromecast: 88a5c630cccadf000850cee3148941cd801f83b8
  google-cast-sdk: f94c5df87564f71d4342400b8487665e9bed27c6
  GTMSessionFetcher: b3503b20a988c4e20cc189aa798fd18220133f52
  Kingfisher: c148cd7b47ebde9989f6bc7c27dcaa79d81279a0
  Nimble: 051e3d8912d40138fa5591c78594f95fb172af37
  Protobuf: adb85cd18a15bd1a777c158af9fd6e612a0e6d69
  Quick: 7fb19e13be07b5dfb3b90d4f9824c855a11af40e
  ReachabilitySwift: 985039c6f7b23a1da463388634119492ff86c825
  RxBlocking: c5e090f42d046df8b0e7752742510f349963710f
  RxCocoa: e741b9749968e8a143e2b787f1dfbff2b63d0a5c
  RxGesture: a3f8dd6adf078110ed5e1c9c30d09d705a09852e
  RxReachability: 3da1c23ba6d93dabc004290cda61dd9e7884422d
  RxRelay: 89d54507f4fd4d969e6ec1d4bd7f3673640b4640
  RxSwift: e2dc62b366a3adf6a0be44ba9f405efd4c94e0c4
  RxTest: 0132f952a61da82d5233abedaa559df91e5330e5
  SnapKit: fe8a619752f3f27075cc9a90244d75c6c3f27e2a
  youtube-ios-player-helper: 21ab92db027c7ff86cb17a3843a3f6eafc8158d2

PODFILE CHECKSUM: 7b74b4f0cce5dc7cd0c0c7f4cbcfd93256b437aa

COCOAPODS: 1.8.4
