PODS:
  - Astrolabe (4.2.0):
    - Astrolabe/Core (= 4.2.0)
  - Astrolabe/Core (4.2.0):
    - RxCocoa (~> 4.2)
    - RxSwift (~> 4.2)
  - Brightcove-Player-Core/dynamic (6.3.11)
  - DailymotionPlayerSDK (3.7.8)
  - Dioptra/AV (5.0):
    - Dioptra/Core
  - Dioptra/BC (5.0):
    - Brightcove-Player-Core/dynamic
    - Dioptra/AV
  - Dioptra/Core (5.0):
    - RxCocoa (~> 4.5)
    - RxGesture (~> 2.0)
    - RxSwift (~> 4.5)
  - Dioptra/DM (5.0):
    - DailymotionPlayerSDK
    - Dioptra/Core
  - Dioptra/Presentation (5.0):
    - RxCocoa (~> 4.5)
    - RxGesture (~> 2.0)
    - RxSwift (~> 4.5)
  - Dioptra/YT (5.0):
    - Dioptra/Core
    - youtube-ios-player-helper
  - Nimble (7.3.4)
  - Quick (2.1.0)
  - RxBlocking (4.5.0):
    - RxSwift (>= 4.4.2, ~> 4.4)
  - RxCocoa (4.5.0):
    - RxSwift (>= 4.4.2, ~> 4.4)
  - RxGesture (2.2.0):
    - RxCocoa (~> 4.5)
    - RxSwift (~> 4.5)
  - RxSwift (4.5.0)
  - RxTest (4.5.0):
    - RxSwift (>= 4.4.2, ~> 4.4)
  - SnapKit (4.2.0)
  - youtube-ios-player-helper (0.1.6)

DEPENDENCIES:
  - Astrolabe (from `https://github.com/netcosports/Astrolabe`, branch `swift-4.2`)
  - Dioptra/AV (from `.`)
  - Dioptra/BC (from `.`)
  - Dioptra/DM (from `.`)
  - Dioptra/Presentation (from `.`)
  - Dioptra/YT (from `.`)
  - Nimble (~> 7.0)
  - Quick
  - RxBlocking
  - RxTest
  - SnapKit (~> 4.0)

SPEC REPOS:
  https://github.com/brightcove/BrightcoveSpecs.git:
    - Brightcove-Player-Core
  https://github.com/cocoapods/specs.git:
    - DailymotionPlayerSDK
    - Nimble
    - Quick
    - RxBlocking
    - RxCocoa
    - RxGesture
    - RxSwift
    - RxTest
    - SnapKit
    - youtube-ios-player-helper

EXTERNAL SOURCES:
  Astrolabe:
    :branch: swift-4.2
    :git: https://github.com/netcosports/Astrolabe
  Dioptra:
    :path: "."

CHECKOUT OPTIONS:
  Astrolabe:
    :commit: fe77034ec20116be4012517b3f5b492766b862d4
    :git: https://github.com/netcosports/Astrolabe

SPEC CHECKSUMS:
  Astrolabe: 20fc84f98108a61b621d0c259b8dc2d47ee90693
  Brightcove-Player-Core: 2984d9852c0cffad76949e95172db22c20380266
  DailymotionPlayerSDK: 8f08b46718bb6728f6b1dae9e431480a11688e1a
  Dioptra: b9d7b71a823af1e7a573a3fc4e11cd74f9935c47
  Nimble: 051e3d8912d40138fa5591c78594f95fb172af37
  Quick: 4be43f6634acfa727dd106bdf3929ce125ffa79d
  RxBlocking: 79413e4d916f44bb3e113c5b2cc059e36fe58910
  RxCocoa: cbf70265dc65a981d4ac982e513c10cf23df24a0
  RxGesture: c1b7bf17166b0ef9d642a9510f8bac5785f18990
  RxSwift: f172070dfd1a93d70a9ab97a5a01166206e1c575
  RxTest: 3ccb66bfbace0bf7df1c43a7c75d046f8ce60372
  SnapKit: fe8a619752f3f27075cc9a90244d75c6c3f27e2a
  youtube-ios-player-helper: 21ab92db027c7ff86cb17a3843a3f6eafc8158d2

PODFILE CHECKSUM: 22122cae809bb75deefea09d17c180ea6ea5d639

COCOAPODS: 1.7.5
