// !$*UTF8*$!
{
	archiveVersion = 1;
	classes = {
	};
	objectVersion = 48;
	objects = {

/* Begin PBXBuildFile section */
		228C109A6F49C9AEC783B125 /* Pods_Demo.framework in Frameworks */ = {isa = PBXBuildFile; fileRef = A2FE1BBC1D66C4F1C2A18891 /* Pods_Demo.framework */; };
		678299E8789D7DCEB4E26327 /* Pods_iOSTests.framework in Frameworks */ = {isa = PBXBuildFile; fileRef = 40FA1278A9862C2FC74BBB93 /* Pods_iOSTests.framework */; };
		8B45027D2174CC5A00CA3252 /* ConstraintsVideoCell.swift in Sources */ = {isa = PBXBuildFile; fileRef = 8B45027C2174CC5A00CA3252 /* ConstraintsVideoCell.swift */; };
		AA2F346B212C14C50093212D /* VideoCell.swift in Sources */ = {isa = PBXBuildFile; fileRef = AA2F346A212C14C50093212D /* VideoCell.swift */; };
		AA2F346D212C187E0093212D /* PlaceholderCell.swift in Sources */ = {isa = PBXBuildFile; fileRef = AA2F346C212C187E0093212D /* PlaceholderCell.swift */; };
		AA2F346F212C18FF0093212D /* VideosInListViewController.swift in Sources */ = {isa = PBXBuildFile; fileRef = AA2F346E212C18FF0093212D /* VideosInListViewController.swift */; };
		AA52599220B835860089ECD2 /* VideoPlayerViewModelSpec.swift in Sources */ = {isa = PBXBuildFile; fileRef = AA52598E20B835660089ECD2 /* VideoPlayerViewModelSpec.swift */; };
		AA53982D20BEDCC2003329FB /* TestControls.swift in Sources */ = {isa = PBXBuildFile; fileRef = AA53982C20BEDCC2003329FB /* TestControls.swift */; };
		AA53982F20BEDD10003329FB /* TestPlayback.swift in Sources */ = {isa = PBXBuildFile; fileRef = AA53982E20BEDD10003329FB /* TestPlayback.swift */; };
		AA73664C20F396F300451721 /* DetailsViewController.swift in Sources */ = {isa = PBXBuildFile; fileRef = AA73664B20F396F300451721 /* DetailsViewController.swift */; };
		AA88A2B3217905180016DB2E /* VideoPlayerControlsViewModelSpec.swift in Sources */ = {isa = PBXBuildFile; fileRef = AA88A2B2217905180016DB2E /* VideoPlayerControlsViewModelSpec.swift */; };
		AA925F5520B59F09002523D4 /* Assets.xcassets in Resources */ = {isa = PBXBuildFile; fileRef = AA925F4D20B59F09002523D4 /* Assets.xcassets */; };
		AA925F5620B59F09002523D4 /* LaunchScreen.storyboard in Resources */ = {isa = PBXBuildFile; fileRef = AA925F4E20B59F09002523D4 /* LaunchScreen.storyboard */; };
		AA925F5720B59F09002523D4 /* Main.storyboard in Resources */ = {isa = PBXBuildFile; fileRef = AA925F5020B59F09002523D4 /* Main.storyboard */; };
		AA925F5820B59F09002523D4 /* AppDelegate.swift in Sources */ = {isa = PBXBuildFile; fileRef = AA925F5220B59F09002523D4 /* AppDelegate.swift */; };
/* End PBXBuildFile section */

/* Begin PBXContainerItemProxy section */
		AAF311DD20A7458600825F8E /* PBXContainerItemProxy */ = {
			isa = PBXContainerItemProxy;
			containerPortal = AA7188DD207375FE002597F5 /* Project object */;
			proxyType = 1;
			remoteGlobalIDString = AA7188E4207375FE002597F5;
			remoteInfo = Dioptra;
		};
/* End PBXContainerItemProxy section */

/* Begin PBXFileReference section */
		0F70DA7DC3AE2DE97FF3AC7F /* Pods-Dioptra.release.xcconfig */ = {isa = PBXFileReference; includeInIndex = 1; lastKnownFileType = text.xcconfig; name = "Pods-Dioptra.release.xcconfig"; path = "Pods/Target Support Files/Pods-Dioptra/Pods-Dioptra.release.xcconfig"; sourceTree = "<group>"; };
		3125A1464CA122B499B1D2D4 /* Pods-Demo.debug.xcconfig */ = {isa = PBXFileReference; includeInIndex = 1; lastKnownFileType = text.xcconfig; name = "Pods-Demo.debug.xcconfig"; path = "Pods/Target Support Files/Pods-Demo/Pods-Demo.debug.xcconfig"; sourceTree = "<group>"; };
		40FA1278A9862C2FC74BBB93 /* Pods_iOSTests.framework */ = {isa = PBXFileReference; explicitFileType = wrapper.framework; includeInIndex = 0; path = Pods_iOSTests.framework; sourceTree = BUILT_PRODUCTS_DIR; };
		5F74BD0648D1CA48F722F5BE /* Pods-Tests.debug.xcconfig */ = {isa = PBXFileReference; includeInIndex = 1; lastKnownFileType = text.xcconfig; name = "Pods-Tests.debug.xcconfig"; path = "Pods/Target Support Files/Pods-Tests/Pods-Tests.debug.xcconfig"; sourceTree = "<group>"; };
		65BAB17923FD367D4C316C67 /* Pods_Tests.framework */ = {isa = PBXFileReference; explicitFileType = wrapper.framework; includeInIndex = 0; path = Pods_Tests.framework; sourceTree = BUILT_PRODUCTS_DIR; };
		6E08A3FBF55A20320043B01E /* Pods-Dioptra.debug.xcconfig */ = {isa = PBXFileReference; includeInIndex = 1; lastKnownFileType = text.xcconfig; name = "Pods-Dioptra.debug.xcconfig"; path = "Pods/Target Support Files/Pods-Dioptra/Pods-Dioptra.debug.xcconfig"; sourceTree = "<group>"; };
		762B345634DBE50325A567A5 /* Pods-iOSTests.debug.xcconfig */ = {isa = PBXFileReference; includeInIndex = 1; lastKnownFileType = text.xcconfig; name = "Pods-iOSTests.debug.xcconfig"; path = "Pods/Target Support Files/Pods-iOSTests/Pods-iOSTests.debug.xcconfig"; sourceTree = "<group>"; };
		8B45027C2174CC5A00CA3252 /* ConstraintsVideoCell.swift */ = {isa = PBXFileReference; lastKnownFileType = sourcecode.swift; path = ConstraintsVideoCell.swift; sourceTree = "<group>"; };
		A2FE1BBC1D66C4F1C2A18891 /* Pods_Demo.framework */ = {isa = PBXFileReference; explicitFileType = wrapper.framework; includeInIndex = 0; path = Pods_Demo.framework; sourceTree = BUILT_PRODUCTS_DIR; };
		AA2F346A212C14C50093212D /* VideoCell.swift */ = {isa = PBXFileReference; lastKnownFileType = sourcecode.swift; path = VideoCell.swift; sourceTree = "<group>"; };
		AA2F346C212C187E0093212D /* PlaceholderCell.swift */ = {isa = PBXFileReference; lastKnownFileType = sourcecode.swift; path = PlaceholderCell.swift; sourceTree = "<group>"; };
		AA2F346E212C18FF0093212D /* VideosInListViewController.swift */ = {isa = PBXFileReference; lastKnownFileType = sourcecode.swift; path = VideosInListViewController.swift; sourceTree = "<group>"; };
		AA52598E20B835660089ECD2 /* VideoPlayerViewModelSpec.swift */ = {isa = PBXFileReference; fileEncoding = 4; lastKnownFileType = sourcecode.swift; path = VideoPlayerViewModelSpec.swift; sourceTree = "<group>"; };
		AA52598F20B835660089ECD2 /* Info.plist */ = {isa = PBXFileReference; fileEncoding = 4; lastKnownFileType = text.plist.xml; path = Info.plist; sourceTree = "<group>"; };
		AA53982A20BEDC77003329FB /* AVPlaybackSpec.swift */ = {isa = PBXFileReference; lastKnownFileType = sourcecode.swift; path = AVPlaybackSpec.swift; sourceTree = "<group>"; };
		AA53982C20BEDCC2003329FB /* TestControls.swift */ = {isa = PBXFileReference; lastKnownFileType = sourcecode.swift; path = TestControls.swift; sourceTree = "<group>"; };
		AA53982E20BEDD10003329FB /* TestPlayback.swift */ = {isa = PBXFileReference; lastKnownFileType = sourcecode.swift; path = TestPlayback.swift; sourceTree = "<group>"; };
		AA7188E5207375FE002597F5 /* Demo.app */ = {isa = PBXFileReference; explicitFileType = wrapper.application; includeInIndex = 0; path = Demo.app; sourceTree = BUILT_PRODUCTS_DIR; };
		AA73664B20F396F300451721 /* DetailsViewController.swift */ = {isa = PBXFileReference; lastKnownFileType = sourcecode.swift; path = DetailsViewController.swift; sourceTree = "<group>"; };
		AA88A2B2217905180016DB2E /* VideoPlayerControlsViewModelSpec.swift */ = {isa = PBXFileReference; fileEncoding = 4; lastKnownFileType = sourcecode.swift; path = VideoPlayerControlsViewModelSpec.swift; sourceTree = "<group>"; };
		AA925F4D20B59F09002523D4 /* Assets.xcassets */ = {isa = PBXFileReference; lastKnownFileType = folder.assetcatalog; path = Assets.xcassets; sourceTree = "<group>"; };
		AA925F4F20B59F09002523D4 /* Base */ = {isa = PBXFileReference; lastKnownFileType = file.storyboard; name = Base; path = Base.lproj/LaunchScreen.storyboard; sourceTree = "<group>"; };
		AA925F5120B59F09002523D4 /* Base */ = {isa = PBXFileReference; lastKnownFileType = file.storyboard; name = Base; path = Base.lproj/Main.storyboard; sourceTree = "<group>"; };
		AA925F5220B59F09002523D4 /* AppDelegate.swift */ = {isa = PBXFileReference; fileEncoding = 4; lastKnownFileType = sourcecode.swift; path = AppDelegate.swift; sourceTree = "<group>"; };
		AA925F5320B59F09002523D4 /* Info.plist */ = {isa = PBXFileReference; fileEncoding = 4; lastKnownFileType = text.plist.xml; path = Info.plist; sourceTree = "<group>"; };
		AAF311D820A7458600825F8E /* iOSTests.xctest */ = {isa = PBXFileReference; explicitFileType = wrapper.cfbundle; includeInIndex = 0; path = iOSTests.xctest; sourceTree = BUILT_PRODUCTS_DIR; };
		B9B019FCFCEA1448001C70CA /* Pods_Dioptra.framework */ = {isa = PBXFileReference; explicitFileType = wrapper.framework; includeInIndex = 0; path = Pods_Dioptra.framework; sourceTree = BUILT_PRODUCTS_DIR; };
		CEEFE24937651D1B2792C891 /* Pods-Tests.release.xcconfig */ = {isa = PBXFileReference; includeInIndex = 1; lastKnownFileType = text.xcconfig; name = "Pods-Tests.release.xcconfig"; path = "Pods/Target Support Files/Pods-Tests/Pods-Tests.release.xcconfig"; sourceTree = "<group>"; };
		E5A49164D96BD2190CA525A7 /* Pods-Demo.release.xcconfig */ = {isa = PBXFileReference; includeInIndex = 1; lastKnownFileType = text.xcconfig; name = "Pods-Demo.release.xcconfig"; path = "Pods/Target Support Files/Pods-Demo/Pods-Demo.release.xcconfig"; sourceTree = "<group>"; };
		EE9EA8D1CB5C7F9A92761B87 /* Pods-iOSTests.release.xcconfig */ = {isa = PBXFileReference; includeInIndex = 1; lastKnownFileType = text.xcconfig; name = "Pods-iOSTests.release.xcconfig"; path = "Pods/Target Support Files/Pods-iOSTests/Pods-iOSTests.release.xcconfig"; sourceTree = "<group>"; };
/* End PBXFileReference section */

/* Begin PBXFrameworksBuildPhase section */
		AA7188E2207375FE002597F5 /* Frameworks */ = {
			isa = PBXFrameworksBuildPhase;
			buildActionMask = 2147483647;
			files = (
				228C109A6F49C9AEC783B125 /* Pods_Demo.framework in Frameworks */,
			);
			runOnlyForDeploymentPostprocessing = 0;
		};
		AAF311D520A7458600825F8E /* Frameworks */ = {
			isa = PBXFrameworksBuildPhase;
			buildActionMask = 2147483647;
			files = (
				678299E8789D7DCEB4E26327 /* Pods_iOSTests.framework in Frameworks */,
			);
			runOnlyForDeploymentPostprocessing = 0;
		};
/* End PBXFrameworksBuildPhase section */

/* Begin PBXGroup section */
		0CD54B3B4BE74C4C8B21948D /* Frameworks */ = {
			isa = PBXGroup;
			children = (
				B9B019FCFCEA1448001C70CA /* Pods_Dioptra.framework */,
				65BAB17923FD367D4C316C67 /* Pods_Tests.framework */,
				A2FE1BBC1D66C4F1C2A18891 /* Pods_Demo.framework */,
				40FA1278A9862C2FC74BBB93 /* Pods_iOSTests.framework */,
			);
			name = Frameworks;
			sourceTree = "<group>";
		};
		3CAB1D3EE4491F26CFD3A81A /* Pods */ = {
			isa = PBXGroup;
			children = (
				6E08A3FBF55A20320043B01E /* Pods-Dioptra.debug.xcconfig */,
				0F70DA7DC3AE2DE97FF3AC7F /* Pods-Dioptra.release.xcconfig */,
				5F74BD0648D1CA48F722F5BE /* Pods-Tests.debug.xcconfig */,
				CEEFE24937651D1B2792C891 /* Pods-Tests.release.xcconfig */,
				3125A1464CA122B499B1D2D4 /* Pods-Demo.debug.xcconfig */,
				E5A49164D96BD2190CA525A7 /* Pods-Demo.release.xcconfig */,
				762B345634DBE50325A567A5 /* Pods-iOSTests.debug.xcconfig */,
				EE9EA8D1CB5C7F9A92761B87 /* Pods-iOSTests.release.xcconfig */,
			);
			name = Pods;
			sourceTree = "<group>";
		};
		AA52598D20B835660089ECD2 /* iOSTests */ = {
			isa = PBXGroup;
			children = (
				AA52598F20B835660089ECD2 /* Info.plist */,
				AA53982A20BEDC77003329FB /* AVPlaybackSpec.swift */,
				AA52598E20B835660089ECD2 /* VideoPlayerViewModelSpec.swift */,
				AA88A2B2217905180016DB2E /* VideoPlayerControlsViewModelSpec.swift */,
				AA53982C20BEDCC2003329FB /* TestControls.swift */,
				AA53982E20BEDD10003329FB /* TestPlayback.swift */,
			);
			path = iOSTests;
			sourceTree = "<group>";
		};
		AA7188DC207375FE002597F5 = {
			isa = PBXGroup;
			children = (
				AA52598D20B835660089ECD2 /* iOSTests */,
				AA925F4B20B59F09002523D4 /* Demo */,
				AA7188E6207375FE002597F5 /* Products */,
				3CAB1D3EE4491F26CFD3A81A /* Pods */,
				0CD54B3B4BE74C4C8B21948D /* Frameworks */,
			);
			sourceTree = "<group>";
		};
		AA7188E6207375FE002597F5 /* Products */ = {
			isa = PBXGroup;
			children = (
				AA7188E5207375FE002597F5 /* Demo.app */,
				AAF311D820A7458600825F8E /* iOSTests.xctest */,
			);
			name = Products;
			sourceTree = "<group>";
		};
		AA925F4B20B59F09002523D4 /* Demo */ = {
			isa = PBXGroup;
			children = (
				AA73664B20F396F300451721 /* DetailsViewController.swift */,
				AA925F4D20B59F09002523D4 /* Assets.xcassets */,
				AA925F4E20B59F09002523D4 /* LaunchScreen.storyboard */,
				AA925F5020B59F09002523D4 /* Main.storyboard */,
				AA925F5220B59F09002523D4 /* AppDelegate.swift */,
				AA925F5320B59F09002523D4 /* Info.plist */,
				AA2F346A212C14C50093212D /* VideoCell.swift */,
				AA2F346C212C187E0093212D /* PlaceholderCell.swift */,
				AA2F346E212C18FF0093212D /* VideosInListViewController.swift */,
				8B45027C2174CC5A00CA3252 /* ConstraintsVideoCell.swift */,
			);
			path = Demo;
			sourceTree = "<group>";
		};
/* End PBXGroup section */

/* Begin PBXNativeTarget section */
		AA7188E4207375FE002597F5 /* Demo */ = {
			isa = PBXNativeTarget;
			buildConfigurationList = AA7188F7207375FE002597F5 /* Build configuration list for PBXNativeTarget "Demo" */;
			buildPhases = (
				CB303659A1CE769EAD515268 /* [CP] Check Pods Manifest.lock */,
				AA7188E1207375FE002597F5 /* Sources */,
				AA7188E2207375FE002597F5 /* Frameworks */,
				AA7188E3207375FE002597F5 /* Resources */,
				354C1792715EEAA3356BF8DC /* [CP] Copy Pods Resources */,
				E15D9581477B3D825F96F848 /* [CP] Embed Pods Frameworks */,
			);
			buildRules = (
			);
			dependencies = (
			);
			name = Demo;
			productName = Dioptra;
			productReference = AA7188E5207375FE002597F5 /* Demo.app */;
			productType = "com.apple.product-type.application";
		};
		AAF311D720A7458600825F8E /* iOSTests */ = {
			isa = PBXNativeTarget;
			buildConfigurationList = AAF311DF20A7458600825F8E /* Build configuration list for PBXNativeTarget "iOSTests" */;
			buildPhases = (
				0E38465261661F2088DC6C0B /* [CP] Check Pods Manifest.lock */,
				AAF311D420A7458600825F8E /* Sources */,
				AAF311D520A7458600825F8E /* Frameworks */,
				AAF311D620A7458600825F8E /* Resources */,
				E248DDA403CE38A2F1C44F14 /* [CP] Embed Pods Frameworks */,
			);
			buildRules = (
			);
			dependencies = (
				AAF311DE20A7458600825F8E /* PBXTargetDependency */,
			);
			name = iOSTests;
			productName = DioptraTests;
			productReference = AAF311D820A7458600825F8E /* iOSTests.xctest */;
			productType = "com.apple.product-type.bundle.unit-test";
		};
/* End PBXNativeTarget section */

/* Begin PBXProject section */
		AA7188DD207375FE002597F5 /* Project object */ = {
			isa = PBXProject;
			attributes = {
				LastSwiftUpdateCheck = 0930;
				LastUpgradeCheck = 0920;
				ORGANIZATIONNAME = "Sergei Mikhan";
				TargetAttributes = {
					AA7188E4207375FE002597F5 = {
						CreatedOnToolsVersion = 9.2;
						ProvisioningStyle = Manual;
					};
					AAF311D720A7458600825F8E = {
						CreatedOnToolsVersion = 9.3;
						ProvisioningStyle = Automatic;
						TestTargetID = AA7188E4207375FE002597F5;
					};
				};
			};
			buildConfigurationList = AA7188E0207375FE002597F5 /* Build configuration list for PBXProject "Demo" */;
			compatibilityVersion = "Xcode 8.0";
			developmentRegion = en;
			hasScannedForEncodings = 0;
			knownRegions = (
				en,
				Base,
			);
			mainGroup = AA7188DC207375FE002597F5;
			productRefGroup = AA7188E6207375FE002597F5 /* Products */;
			projectDirPath = "";
			projectRoot = "";
			targets = (
				AA7188E4207375FE002597F5 /* Demo */,
				AAF311D720A7458600825F8E /* iOSTests */,
			);
		};
/* End PBXProject section */

/* Begin PBXResourcesBuildPhase section */
		AA7188E3207375FE002597F5 /* Resources */ = {
			isa = PBXResourcesBuildPhase;
			buildActionMask = 2147483647;
			files = (
				AA925F5720B59F09002523D4 /* Main.storyboard in Resources */,
				AA925F5520B59F09002523D4 /* Assets.xcassets in Resources */,
				AA925F5620B59F09002523D4 /* LaunchScreen.storyboard in Resources */,
			);
			runOnlyForDeploymentPostprocessing = 0;
		};
		AAF311D620A7458600825F8E /* Resources */ = {
			isa = PBXResourcesBuildPhase;
			buildActionMask = 2147483647;
			files = (
			);
			runOnlyForDeploymentPostprocessing = 0;
		};
/* End PBXResourcesBuildPhase section */

/* Begin PBXShellScriptBuildPhase section */
		0E38465261661F2088DC6C0B /* [CP] Check Pods Manifest.lock */ = {
			isa = PBXShellScriptBuildPhase;
			buildActionMask = 2147483647;
			files = (
			);
			inputPaths = (
				"${PODS_PODFILE_DIR_PATH}/Podfile.lock",
				"${PODS_ROOT}/Manifest.lock",
			);
			name = "[CP] Check Pods Manifest.lock";
			outputPaths = (
				"$(DERIVED_FILE_DIR)/Pods-iOSTests-checkManifestLockResult.txt",
			);
			runOnlyForDeploymentPostprocessing = 0;
			shellPath = /bin/sh;
			shellScript = "diff \"${PODS_PODFILE_DIR_PATH}/Podfile.lock\" \"${PODS_ROOT}/Manifest.lock\" > /dev/null\nif [ $? != 0 ] ; then\n    # print error to STDERR\n    echo \"error: The sandbox is not in sync with the Podfile.lock. Run 'pod install' or update your CocoaPods installation.\" >&2\n    exit 1\nfi\n# This output is used by Xcode 'outputs' to avoid re-running this script phase.\necho \"SUCCESS\" > \"${SCRIPT_OUTPUT_FILE_0}\"\n";
			showEnvVarsInLog = 0;
		};
		354C1792715EEAA3356BF8DC /* [CP] Copy Pods Resources */ = {
			isa = PBXShellScriptBuildPhase;
			buildActionMask = 2147483647;
			files = (
			);
			inputPaths = (
				"${SRCROOT}/Pods/Target Support Files/Pods-Demo/Pods-Demo-resources.sh",
				"${PODS_CONFIGURATION_BUILD_DIR}/Brightcove-Player-Core/BCOVPUIResources.bundle",
			);
			name = "[CP] Copy Pods Resources";
			outputPaths = (
				"${TARGET_BUILD_DIR}/${UNLOCALIZED_RESOURCES_FOLDER_PATH}/BCOVPUIResources.bundle",
			);
			runOnlyForDeploymentPostprocessing = 0;
			shellPath = /bin/sh;
			shellScript = "\"${SRCROOT}/Pods/Target Support Files/Pods-Demo/Pods-Demo-resources.sh\"\n";
			showEnvVarsInLog = 0;
		};
		CB303659A1CE769EAD515268 /* [CP] Check Pods Manifest.lock */ = {
			isa = PBXShellScriptBuildPhase;
			buildActionMask = 2147483647;
			files = (
			);
			inputPaths = (
				"${PODS_PODFILE_DIR_PATH}/Podfile.lock",
				"${PODS_ROOT}/Manifest.lock",
			);
			name = "[CP] Check Pods Manifest.lock";
			outputPaths = (
				"$(DERIVED_FILE_DIR)/Pods-Demo-checkManifestLockResult.txt",
			);
			runOnlyForDeploymentPostprocessing = 0;
			shellPath = /bin/sh;
			shellScript = "diff \"${PODS_PODFILE_DIR_PATH}/Podfile.lock\" \"${PODS_ROOT}/Manifest.lock\" > /dev/null\nif [ $? != 0 ] ; then\n    # print error to STDERR\n    echo \"error: The sandbox is not in sync with the Podfile.lock. Run 'pod install' or update your CocoaPods installation.\" >&2\n    exit 1\nfi\n# This output is used by Xcode 'outputs' to avoid re-running this script phase.\necho \"SUCCESS\" > \"${SCRIPT_OUTPUT_FILE_0}\"\n";
			showEnvVarsInLog = 0;
		};
		E15D9581477B3D825F96F848 /* [CP] Embed Pods Frameworks */ = {
			isa = PBXShellScriptBuildPhase;
			buildActionMask = 2147483647;
			files = (
			);
			inputPaths = (
				"${SRCROOT}/Pods/Target Support Files/Pods-Demo/Pods-Demo-frameworks.sh",
				"${BUILT_PRODUCTS_DIR}/Astrolabe/Astrolabe.framework",
				"${PODS_ROOT}/Brightcove-Player-Core/ios/dynamic/BrightcovePlayerSDK.framework",
				"${BUILT_PRODUCTS_DIR}/DailymotionPlayerSDK/DailymotionPlayerSDK.framework",
				"${BUILT_PRODUCTS_DIR}/Dioptra-AV-BC-Core-DM-Presentation-YT/Dioptra.framework",
				"${BUILT_PRODUCTS_DIR}/RxAtomic/RxAtomic.framework",
				"${BUILT_PRODUCTS_DIR}/RxCocoa/RxCocoa.framework",
				"${BUILT_PRODUCTS_DIR}/RxGesture/RxGesture.framework",
				"${BUILT_PRODUCTS_DIR}/RxSwift/RxSwift.framework",
				"${BUILT_PRODUCTS_DIR}/SnapKit/SnapKit.framework",
				"${BUILT_PRODUCTS_DIR}/youtube-ios-player-helper/youtube_ios_player_helper.framework",
			);
			name = "[CP] Embed Pods Frameworks";
			outputPaths = (
				"${TARGET_BUILD_DIR}/${FRAMEWORKS_FOLDER_PATH}/Astrolabe.framework",
				"${TARGET_BUILD_DIR}/${FRAMEWORKS_FOLDER_PATH}/BrightcovePlayerSDK.framework",
				"${TARGET_BUILD_DIR}/${FRAMEWORKS_FOLDER_PATH}/DailymotionPlayerSDK.framework",
				"${TARGET_BUILD_DIR}/${FRAMEWORKS_FOLDER_PATH}/Dioptra.framework",
				"${TARGET_BUILD_DIR}/${FRAMEWORKS_FOLDER_PATH}/RxAtomic.framework",
				"${TARGET_BUILD_DIR}/${FRAMEWORKS_FOLDER_PATH}/RxCocoa.framework",
				"${TARGET_BUILD_DIR}/${FRAMEWORKS_FOLDER_PATH}/RxGesture.framework",
				"${TARGET_BUILD_DIR}/${FRAMEWORKS_FOLDER_PATH}/RxSwift.framework",
				"${TARGET_BUILD_DIR}/${FRAMEWORKS_FOLDER_PATH}/SnapKit.framework",
				"${TARGET_BUILD_DIR}/${FRAMEWORKS_FOLDER_PATH}/youtube_ios_player_helper.framework",
			);
			runOnlyForDeploymentPostprocessing = 0;
			shellPath = /bin/sh;
			shellScript = "\"${SRCROOT}/Pods/Target Support Files/Pods-Demo/Pods-Demo-frameworks.sh\"\n";
			showEnvVarsInLog = 0;
		};
		E248DDA403CE38A2F1C44F14 /* [CP] Embed Pods Frameworks */ = {
			isa = PBXShellScriptBuildPhase;
			buildActionMask = 2147483647;
			files = (
			);
			inputPaths = (
				"${SRCROOT}/Pods/Target Support Files/Pods-iOSTests/Pods-iOSTests-frameworks.sh",
				"${BUILT_PRODUCTS_DIR}/Dioptra-AV-Core/Dioptra.framework",
				"${BUILT_PRODUCTS_DIR}/RxAtomic/RxAtomic.framework",
				"${BUILT_PRODUCTS_DIR}/RxCocoa/RxCocoa.framework",
				"${BUILT_PRODUCTS_DIR}/RxGesture/RxGesture.framework",
				"${BUILT_PRODUCTS_DIR}/RxSwift/RxSwift.framework",
				"${BUILT_PRODUCTS_DIR}/Nimble/Nimble.framework",
				"${BUILT_PRODUCTS_DIR}/RxBlocking/RxBlocking.framework",
				"${BUILT_PRODUCTS_DIR}/RxTest/RxTest.framework",
			);
			name = "[CP] Embed Pods Frameworks";
			outputPaths = (
				"${TARGET_BUILD_DIR}/${FRAMEWORKS_FOLDER_PATH}/Dioptra.framework",
				"${TARGET_BUILD_DIR}/${FRAMEWORKS_FOLDER_PATH}/RxAtomic.framework",
				"${TARGET_BUILD_DIR}/${FRAMEWORKS_FOLDER_PATH}/RxCocoa.framework",
				"${TARGET_BUILD_DIR}/${FRAMEWORKS_FOLDER_PATH}/RxGesture.framework",
				"${TARGET_BUILD_DIR}/${FRAMEWORKS_FOLDER_PATH}/RxSwift.framework",
				"${TARGET_BUILD_DIR}/${FRAMEWORKS_FOLDER_PATH}/Nimble.framework",
				"${TARGET_BUILD_DIR}/${FRAMEWORKS_FOLDER_PATH}/RxBlocking.framework",
				"${TARGET_BUILD_DIR}/${FRAMEWORKS_FOLDER_PATH}/RxTest.framework",
			);
			runOnlyForDeploymentPostprocessing = 0;
			shellPath = /bin/sh;
			shellScript = "\"${SRCROOT}/Pods/Target Support Files/Pods-iOSTests/Pods-iOSTests-frameworks.sh\"\n";
			showEnvVarsInLog = 0;
		};
/* End PBXShellScriptBuildPhase section */

/* Begin PBXSourcesBuildPhase section */
		AA7188E1207375FE002597F5 /* Sources */ = {
			isa = PBXSourcesBuildPhase;
			buildActionMask = 2147483647;
			files = (
				AA2F346F212C18FF0093212D /* VideosInListViewController.swift in Sources */,
				AA925F5820B59F09002523D4 /* AppDelegate.swift in Sources */,
				8B45027D2174CC5A00CA3252 /* ConstraintsVideoCell.swift in Sources */,
				AA2F346B212C14C50093212D /* VideoCell.swift in Sources */,
				AA73664C20F396F300451721 /* DetailsViewController.swift in Sources */,
				AA2F346D212C187E0093212D /* PlaceholderCell.swift in Sources */,
			);
			runOnlyForDeploymentPostprocessing = 0;
		};
		AAF311D420A7458600825F8E /* Sources */ = {
			isa = PBXSourcesBuildPhase;
			buildActionMask = 2147483647;
			files = (
				AA53982F20BEDD10003329FB /* TestPlayback.swift in Sources */,
				AA53982D20BEDCC2003329FB /* TestControls.swift in Sources */,
				AA88A2B3217905180016DB2E /* VideoPlayerControlsViewModelSpec.swift in Sources */,
				AA52599220B835860089ECD2 /* VideoPlayerViewModelSpec.swift in Sources */,
			);
			runOnlyForDeploymentPostprocessing = 0;
		};
/* End PBXSourcesBuildPhase section */

/* Begin PBXTargetDependency section */
		AAF311DE20A7458600825F8E /* PBXTargetDependency */ = {
			isa = PBXTargetDependency;
			target = AA7188E4207375FE002597F5 /* Demo */;
			targetProxy = AAF311DD20A7458600825F8E /* PBXContainerItemProxy */;
		};
/* End PBXTargetDependency section */

/* Begin PBXVariantGroup section */
		AA925F4E20B59F09002523D4 /* LaunchScreen.storyboard */ = {
			isa = PBXVariantGroup;
			children = (
				AA925F4F20B59F09002523D4 /* Base */,
			);
			name = LaunchScreen.storyboard;
			sourceTree = "<group>";
		};
		AA925F5020B59F09002523D4 /* Main.storyboard */ = {
			isa = PBXVariantGroup;
			children = (
				AA925F5120B59F09002523D4 /* Base */,
			);
			name = Main.storyboard;
			sourceTree = "<group>";
		};
/* End PBXVariantGroup section */

/* Begin XCBuildConfiguration section */
		AA7188F5207375FE002597F5 /* Debug */ = {
			isa = XCBuildConfiguration;
			buildSettings = {
				ALWAYS_SEARCH_USER_PATHS = NO;
				CLANG_ANALYZER_NONNULL = YES;
				CLANG_ANALYZER_NUMBER_OBJECT_CONVERSION = YES_AGGRESSIVE;
				CLANG_CXX_LANGUAGE_STANDARD = "gnu++14";
				CLANG_CXX_LIBRARY = "libc++";
				CLANG_ENABLE_MODULES = YES;
				CLANG_ENABLE_OBJC_ARC = YES;
				CLANG_WARN_BLOCK_CAPTURE_AUTORELEASING = YES;
				CLANG_WARN_BOOL_CONVERSION = YES;
				CLANG_WARN_COMMA = YES;
				CLANG_WARN_CONSTANT_CONVERSION = YES;
				CLANG_WARN_DIRECT_OBJC_ISA_USAGE = YES_ERROR;
				CLANG_WARN_DOCUMENTATION_COMMENTS = YES;
				CLANG_WARN_EMPTY_BODY = YES;
				CLANG_WARN_ENUM_CONVERSION = YES;
				CLANG_WARN_INFINITE_RECURSION = YES;
				CLANG_WARN_INT_CONVERSION = YES;
				CLANG_WARN_NON_LITERAL_NULL_CONVERSION = YES;
				CLANG_WARN_OBJC_LITERAL_CONVERSION = YES;
				CLANG_WARN_OBJC_ROOT_CLASS = YES_ERROR;
				CLANG_WARN_RANGE_LOOP_ANALYSIS = YES;
				CLANG_WARN_STRICT_PROTOTYPES = YES;
				CLANG_WARN_SUSPICIOUS_MOVE = YES;
				CLANG_WARN_UNGUARDED_AVAILABILITY = YES_AGGRESSIVE;
				CLANG_WARN_UNREACHABLE_CODE = YES;
				CLANG_WARN__DUPLICATE_METHOD_MATCH = YES;
				CODE_SIGN_IDENTITY = "iPhone Developer";
				COPY_PHASE_STRIP = NO;
				DEBUG_INFORMATION_FORMAT = dwarf;
				ENABLE_STRICT_OBJC_MSGSEND = YES;
				ENABLE_TESTABILITY = YES;
				GCC_C_LANGUAGE_STANDARD = gnu11;
				GCC_DYNAMIC_NO_PIC = NO;
				GCC_NO_COMMON_BLOCKS = YES;
				GCC_OPTIMIZATION_LEVEL = 0;
				GCC_PREPROCESSOR_DEFINITIONS = (
					"DEBUG=1",
					"$(inherited)",
				);
				GCC_WARN_64_TO_32_BIT_CONVERSION = YES;
				GCC_WARN_ABOUT_RETURN_TYPE = YES_ERROR;
				GCC_WARN_UNDECLARED_SELECTOR = YES;
				GCC_WARN_UNINITIALIZED_AUTOS = YES_AGGRESSIVE;
				GCC_WARN_UNUSED_FUNCTION = YES;
				GCC_WARN_UNUSED_VARIABLE = YES;
				IPHONEOS_DEPLOYMENT_TARGET = 11.2;
				MTL_ENABLE_DEBUG_INFO = YES;
				ONLY_ACTIVE_ARCH = YES;
				SDKROOT = iphoneos;
				SWIFT_ACTIVE_COMPILATION_CONDITIONS = DEBUG;
				SWIFT_OPTIMIZATION_LEVEL = "-Onone";
			};
			name = Debug;
		};
		AA7188F6207375FE002597F5 /* Release */ = {
			isa = XCBuildConfiguration;
			buildSettings = {
				ALWAYS_SEARCH_USER_PATHS = NO;
				CLANG_ANALYZER_NONNULL = YES;
				CLANG_ANALYZER_NUMBER_OBJECT_CONVERSION = YES_AGGRESSIVE;
				CLANG_CXX_LANGUAGE_STANDARD = "gnu++14";
				CLANG_CXX_LIBRARY = "libc++";
				CLANG_ENABLE_MODULES = YES;
				CLANG_ENABLE_OBJC_ARC = YES;
				CLANG_WARN_BLOCK_CAPTURE_AUTORELEASING = YES;
				CLANG_WARN_BOOL_CONVERSION = YES;
				CLANG_WARN_COMMA = YES;
				CLANG_WARN_CONSTANT_CONVERSION = YES;
				CLANG_WARN_DIRECT_OBJC_ISA_USAGE = YES_ERROR;
				CLANG_WARN_DOCUMENTATION_COMMENTS = YES;
				CLANG_WARN_EMPTY_BODY = YES;
				CLANG_WARN_ENUM_CONVERSION = YES;
				CLANG_WARN_INFINITE_RECURSION = YES;
				CLANG_WARN_INT_CONVERSION = YES;
				CLANG_WARN_NON_LITERAL_NULL_CONVERSION = YES;
				CLANG_WARN_OBJC_LITERAL_CONVERSION = YES;
				CLANG_WARN_OBJC_ROOT_CLASS = YES_ERROR;
				CLANG_WARN_RANGE_LOOP_ANALYSIS = YES;
				CLANG_WARN_STRICT_PROTOTYPES = YES;
				CLANG_WARN_SUSPICIOUS_MOVE = YES;
				CLANG_WARN_UNGUARDED_AVAILABILITY = YES_AGGRESSIVE;
				CLANG_WARN_UNREACHABLE_CODE = YES;
				CLANG_WARN__DUPLICATE_METHOD_MATCH = YES;
				CODE_SIGN_IDENTITY = "iPhone Developer";
				COPY_PHASE_STRIP = NO;
				DEBUG_INFORMATION_FORMAT = "dwarf-with-dsym";
				ENABLE_NS_ASSERTIONS = NO;
				ENABLE_STRICT_OBJC_MSGSEND = YES;
				GCC_C_LANGUAGE_STANDARD = gnu11;
				GCC_NO_COMMON_BLOCKS = YES;
				GCC_WARN_64_TO_32_BIT_CONVERSION = YES;
				GCC_WARN_ABOUT_RETURN_TYPE = YES_ERROR;
				GCC_WARN_UNDECLARED_SELECTOR = YES;
				GCC_WARN_UNINITIALIZED_AUTOS = YES_AGGRESSIVE;
				GCC_WARN_UNUSED_FUNCTION = YES;
				GCC_WARN_UNUSED_VARIABLE = YES;
				IPHONEOS_DEPLOYMENT_TARGET = 11.2;
				MTL_ENABLE_DEBUG_INFO = NO;
				SDKROOT = iphoneos;
				SWIFT_OPTIMIZATION_LEVEL = "-Owholemodule";
				VALIDATE_PRODUCT = YES;
			};
			name = Release;
		};
		AA7188F8207375FE002597F5 /* Debug */ = {
			isa = XCBuildConfiguration;
			baseConfigurationReference = 3125A1464CA122B499B1D2D4 /* Pods-Demo.debug.xcconfig */;
			buildSettings = {
				ASSETCATALOG_COMPILER_APPICON_NAME = AppIcon;
				CODE_SIGN_STYLE = Manual;
				DEVELOPMENT_TEAM = JPS45PPV79;
				INFOPLIST_FILE = "$(SRCROOT)/Demo/Info.plist";
				IPHONEOS_DEPLOYMENT_TARGET = 10.0;
				LD_RUNPATH_SEARCH_PATHS = "$(inherited) @executable_path/Frameworks";
				PRODUCT_BUNDLE_IDENTIFIER = com.dev.rmcsport;
				PRODUCT_NAME = "$(TARGET_NAME)";
				PROVISIONING_PROFILE = "6cb3c67c-fd25-4223-89f7-4071c9a28a2f";
				PROVISIONING_PROFILE_SPECIFIER = "match Development com.dev.rmcsport";
				SWIFT_VERSION = 4.2;
				TARGETED_DEVICE_FAMILY = "1,2";
			};
			name = Debug;
		};
		AA7188F9207375FE002597F5 /* Release */ = {
			isa = XCBuildConfiguration;
			baseConfigurationReference = E5A49164D96BD2190CA525A7 /* Pods-Demo.release.xcconfig */;
			buildSettings = {
				ASSETCATALOG_COMPILER_APPICON_NAME = AppIcon;
				CODE_SIGN_STYLE = Manual;
				DEVELOPMENT_TEAM = JPS45PPV79;
				INFOPLIST_FILE = "$(SRCROOT)/Demo/Info.plist";
				IPHONEOS_DEPLOYMENT_TARGET = 10.0;
				LD_RUNPATH_SEARCH_PATHS = "$(inherited) @executable_path/Frameworks";
				PRODUCT_BUNDLE_IDENTIFIER = com.dev.rmcsport;
				PRODUCT_NAME = "$(TARGET_NAME)";
				PROVISIONING_PROFILE = "6cb3c67c-fd25-4223-89f7-4071c9a28a2f";
				PROVISIONING_PROFILE_SPECIFIER = "match Development com.dev.rmcsport";
				SWIFT_VERSION = 4.2;
				TARGETED_DEVICE_FAMILY = "1,2";
			};
			name = Release;
		};
		AAF311E020A7458600825F8E /* Debug */ = {
			isa = XCBuildConfiguration;
			baseConfigurationReference = 762B345634DBE50325A567A5 /* Pods-iOSTests.debug.xcconfig */;
			buildSettings = {
				ALWAYS_EMBED_SWIFT_STANDARD_LIBRARIES = YES;
				BUNDLE_LOADER = "$(TEST_HOST)";
				CLANG_ENABLE_OBJC_WEAK = YES;
				CLANG_WARN_DEPRECATED_OBJC_IMPLEMENTATIONS = YES;
				CLANG_WARN_OBJC_IMPLICIT_RETAIN_SELF = YES;
				CODE_SIGN_STYLE = Automatic;
				DEVELOPMENT_TEAM = JPS45PPV79;
				INFOPLIST_FILE = iOSTests/Info.plist;
				IPHONEOS_DEPLOYMENT_TARGET = 11.3;
				LD_RUNPATH_SEARCH_PATHS = "$(inherited) @executable_path/Frameworks @loader_path/Frameworks";
				PRODUCT_BUNDLE_IDENTIFIER = com.dev.dioptra.DioptraTests;
				PRODUCT_NAME = "$(TARGET_NAME)";
				SWIFT_VERSION = 4.2;
				TARGETED_DEVICE_FAMILY = "1,2";
				TEST_HOST = "$(BUILT_PRODUCTS_DIR)/Demo.app/Demo";
			};
			name = Debug;
		};
		AAF311E120A7458600825F8E /* Release */ = {
			isa = XCBuildConfiguration;
			baseConfigurationReference = EE9EA8D1CB5C7F9A92761B87 /* Pods-iOSTests.release.xcconfig */;
			buildSettings = {
				ALWAYS_EMBED_SWIFT_STANDARD_LIBRARIES = YES;
				BUNDLE_LOADER = "$(TEST_HOST)";
				CLANG_ENABLE_OBJC_WEAK = YES;
				CLANG_WARN_DEPRECATED_OBJC_IMPLEMENTATIONS = YES;
				CLANG_WARN_OBJC_IMPLICIT_RETAIN_SELF = YES;
				CODE_SIGN_STYLE = Automatic;
				DEVELOPMENT_TEAM = JPS45PPV79;
				INFOPLIST_FILE = iOSTests/Info.plist;
				IPHONEOS_DEPLOYMENT_TARGET = 11.3;
				LD_RUNPATH_SEARCH_PATHS = "$(inherited) @executable_path/Frameworks @loader_path/Frameworks";
				PRODUCT_BUNDLE_IDENTIFIER = com.dev.dioptra.DioptraTests;
				PRODUCT_NAME = "$(TARGET_NAME)";
				SWIFT_VERSION = 4.2;
				TARGETED_DEVICE_FAMILY = "1,2";
				TEST_HOST = "$(BUILT_PRODUCTS_DIR)/Demo.app/Demo";
			};
			name = Release;
		};
/* End XCBuildConfiguration section */

/* Begin XCConfigurationList section */
		AA7188E0207375FE002597F5 /* Build configuration list for PBXProject "Demo" */ = {
			isa = XCConfigurationList;
			buildConfigurations = (
				AA7188F5207375FE002597F5 /* Debug */,
				AA7188F6207375FE002597F5 /* Release */,
			);
			defaultConfigurationIsVisible = 0;
			defaultConfigurationName = Release;
		};
		AA7188F7207375FE002597F5 /* Build configuration list for PBXNativeTarget "Demo" */ = {
			isa = XCConfigurationList;
			buildConfigurations = (
				AA7188F8207375FE002597F5 /* Debug */,
				AA7188F9207375FE002597F5 /* Release */,
			);
			defaultConfigurationIsVisible = 0;
			defaultConfigurationName = Release;
		};
		AAF311DF20A7458600825F8E /* Build configuration list for PBXNativeTarget "iOSTests" */ = {
			isa = XCConfigurationList;
			buildConfigurations = (
				AAF311E020A7458600825F8E /* Debug */,
				AAF311E120A7458600825F8E /* Release */,
			);
			defaultConfigurationIsVisible = 0;
			defaultConfigurationName = Release;
		};
/* End XCConfigurationList section */
	};
	rootObject = AA7188DD207375FE002597F5 /* Project object */;
}
