// !$*UTF8*$!
{
	archiveVersion = 1;
	classes = {
	};
	objectVersion = 51;
	objects = {

/* Begin PBXBuildFile section */
		10F3EF8AC432024F9B28BCFB /* TestControls.swift in Sources */ = {isa = PBXBuildFile; fileRef = 7A07F1E77017C84BEB72B7BD /* TestControls.swift */; };
		2161AAEB6CB4B2444F0FF12B /* VideoPlayerControlsViewModelSpec.swift in Sources */ = {isa = PBXBuildFile; fileRef = 6746EBABD9EBECF240CDC978 /* VideoPlayerControlsViewModelSpec.swift */; };
		25CAC39070CAE128379DE65C /* Assets.xcassets in Resources */ = {isa = PBXBuildFile; fileRef = 741095934EDACBFE50A01682 /* Assets.xcassets */; };
		48D54F3671F72177C9C39DA0 /* VideoPlayerViewModelSpec.swift in Sources */ = {isa = PBXBuildFile; fileRef = 0E7907C8059BF82803FBFFF8 /* VideoPlayerViewModelSpec.swift */; };
		5B55C912F0C3F7563D97DF23 /* AVPlaybackSpec.swift in Sources */ = {isa = PBXBuildFile; fileRef = 59A64023261DD9AD8C78C73A /* AVPlaybackSpec.swift */; };
		6B64766B16A1D53BC53CB13F /* libPods-Demo.a in Frameworks */ = {isa = PBXBuildFile; fileRef = 0975C32E996644CA0176259D /* libPods-Demo.a */; };
		892AB3CBBDA35A6F06863B3D /* LaunchScreen.storyboard in Resources */ = {isa = PBXBuildFile; fileRef = EE519587BAD7641B6B849C06 /* LaunchScreen.storyboard */; };
		963F8C43F1570615B3F80380 /* PlaceholderCell.swift in Sources */ = {isa = PBXBuildFile; fileRef = 03C1E7910D980A61AF01A3E2 /* PlaceholderCell.swift */; };
		9A4879ADE1CD35C7B273DF26 /* TestPlayback.swift in Sources */ = {isa = PBXBuildFile; fileRef = 3602B290AE9352EBC8B9EA83 /* TestPlayback.swift */; };
		9D5AEA947FEC12FE6288EA79 /* VideoCell.swift in Sources */ = {isa = PBXBuildFile; fileRef = 9371607803C4CB55270B4A68 /* VideoCell.swift */; };
		AA47F6A22626CF7B00F547ED /* BaseChromecastController.swift in Sources */ = {isa = PBXBuildFile; fileRef = AA47F6A12626CF7B00F547ED /* BaseChromecastController.swift */; };
		AA67A47D23B4B60F00E6762E /* PlayerWrapperController.swift in Sources */ = {isa = PBXBuildFile; fileRef = AA67A47C23B4B60F00E6762E /* PlayerWrapperController.swift */; };
		BD02BD952D5AF6417AC13E01 /* ConstraintsVideoCell.swift in Sources */ = {isa = PBXBuildFile; fileRef = AE185D24FE500657B10A7176 /* ConstraintsVideoCell.swift */; };
		BFA4F03A0A6D060BA2D66C72 /* 01.mov in Resources */ = {isa = PBXBuildFile; fileRef = A2BDF668E5527A468941B690 /* 01.mov */; };
		C397DB06E99957B96ED1C2E3 /* AppDelegate.swift in Sources */ = {isa = PBXBuildFile; fileRef = DB2D15B482D664CDDC106D78 /* AppDelegate.swift */; };
		CC172CA82A32A32D8A52641D /* Nimble+Rx.swift in Sources */ = {isa = PBXBuildFile; fileRef = D2121AA69705C474F73AFBAB /* Nimble+Rx.swift */; };
		CF33803EBEBDC2ED96883A87 /* DetailsViewController.swift in Sources */ = {isa = PBXBuildFile; fileRef = 89A3226A08F5E57DDD205FDD /* DetailsViewController.swift */; };
		DBF9B3D4C7F086DEAE0B29D0 /* VideosInListViewController.swift in Sources */ = {isa = PBXBuildFile; fileRef = 2491B17C83E8893029F24C24 /* VideosInListViewController.swift */; };
		FB4F161405998F24B016C84F /* libPods-iOSTests.a in Frameworks */ = {isa = PBXBuildFile; fileRef = BA811BFDCD56FEC95F3712B2 /* libPods-iOSTests.a */; };
/* End PBXBuildFile section */

/* Begin PBXFileReference section */
		03C1E7910D980A61AF01A3E2 /* PlaceholderCell.swift */ = {isa = PBXFileReference; lastKnownFileType = sourcecode.swift; path = PlaceholderCell.swift; sourceTree = "<group>"; };
		0975C32E996644CA0176259D /* libPods-Demo.a */ = {isa = PBXFileReference; explicitFileType = archive.ar; includeInIndex = 0; path = "libPods-Demo.a"; sourceTree = BUILT_PRODUCTS_DIR; };
		0E7907C8059BF82803FBFFF8 /* VideoPlayerViewModelSpec.swift */ = {isa = PBXFileReference; lastKnownFileType = sourcecode.swift; path = VideoPlayerViewModelSpec.swift; sourceTree = "<group>"; };
		2491B17C83E8893029F24C24 /* VideosInListViewController.swift */ = {isa = PBXFileReference; lastKnownFileType = sourcecode.swift; path = VideosInListViewController.swift; sourceTree = "<group>"; };
		3602B290AE9352EBC8B9EA83 /* TestPlayback.swift */ = {isa = PBXFileReference; lastKnownFileType = sourcecode.swift; path = TestPlayback.swift; sourceTree = "<group>"; };
		383ACD9866256D8F1DC81707 /* Demo.app */ = {isa = PBXFileReference; explicitFileType = wrapper.application; includeInIndex = 0; path = Demo.app; sourceTree = BUILT_PRODUCTS_DIR; };
		39697E697E2447EA1C9FC5EF /* Pods-iOSTests.release.xcconfig */ = {isa = PBXFileReference; includeInIndex = 1; lastKnownFileType = text.xcconfig; name = "Pods-iOSTests.release.xcconfig"; path = "Target Support Files/Pods-iOSTests/Pods-iOSTests.release.xcconfig"; sourceTree = "<group>"; };
		3D845AD143E3664DB322D6AA /* Info.plist */ = {isa = PBXFileReference; lastKnownFileType = text.plist.xml; path = Info.plist; sourceTree = "<group>"; };
		4B55BA94868EDCE26769A9F1 /* Pods-iOSTests.debug.xcconfig */ = {isa = PBXFileReference; includeInIndex = 1; lastKnownFileType = text.xcconfig; name = "Pods-iOSTests.debug.xcconfig"; path = "Target Support Files/Pods-iOSTests/Pods-iOSTests.debug.xcconfig"; sourceTree = "<group>"; };
		59A64023261DD9AD8C78C73A /* AVPlaybackSpec.swift */ = {isa = PBXFileReference; lastKnownFileType = sourcecode.swift; path = AVPlaybackSpec.swift; sourceTree = "<group>"; };
		6746EBABD9EBECF240CDC978 /* VideoPlayerControlsViewModelSpec.swift */ = {isa = PBXFileReference; lastKnownFileType = sourcecode.swift; path = VideoPlayerControlsViewModelSpec.swift; sourceTree = "<group>"; };
		741095934EDACBFE50A01682 /* Assets.xcassets */ = {isa = PBXFileReference; lastKnownFileType = folder.assetcatalog; path = Assets.xcassets; sourceTree = "<group>"; };
		7A07F1E77017C84BEB72B7BD /* TestControls.swift */ = {isa = PBXFileReference; lastKnownFileType = sourcecode.swift; path = TestControls.swift; sourceTree = "<group>"; };
		82425E00B614E7566B881879 /* iOSTests.xctest */ = {isa = PBXFileReference; includeInIndex = 0; lastKnownFileType = wrapper.cfbundle; path = iOSTests.xctest; sourceTree = BUILT_PRODUCTS_DIR; };
		89A3226A08F5E57DDD205FDD /* DetailsViewController.swift */ = {isa = PBXFileReference; lastKnownFileType = sourcecode.swift; path = DetailsViewController.swift; sourceTree = "<group>"; };
		9371607803C4CB55270B4A68 /* VideoCell.swift */ = {isa = PBXFileReference; lastKnownFileType = sourcecode.swift; path = VideoCell.swift; sourceTree = "<group>"; };
		A2BDF668E5527A468941B690 /* 01.mov */ = {isa = PBXFileReference; lastKnownFileType = video.quicktime; path = 01.mov; sourceTree = "<group>"; };
		AA47F6A12626CF7B00F547ED /* BaseChromecastController.swift */ = {isa = PBXFileReference; lastKnownFileType = sourcecode.swift; path = BaseChromecastController.swift; sourceTree = "<group>"; };
		AA67A47C23B4B60F00E6762E /* PlayerWrapperController.swift */ = {isa = PBXFileReference; lastKnownFileType = sourcecode.swift; path = PlayerWrapperController.swift; sourceTree = "<group>"; };
		AE185D24FE500657B10A7176 /* ConstraintsVideoCell.swift */ = {isa = PBXFileReference; lastKnownFileType = sourcecode.swift; path = ConstraintsVideoCell.swift; sourceTree = "<group>"; };
		B85E68E668A13EAFEF3D08D7 /* Info.plist */ = {isa = PBXFileReference; lastKnownFileType = text.plist.xml; path = Info.plist; sourceTree = "<group>"; };
		BA811BFDCD56FEC95F3712B2 /* libPods-iOSTests.a */ = {isa = PBXFileReference; explicitFileType = archive.ar; includeInIndex = 0; path = "libPods-iOSTests.a"; sourceTree = BUILT_PRODUCTS_DIR; };
		D2121AA69705C474F73AFBAB /* Nimble+Rx.swift */ = {isa = PBXFileReference; lastKnownFileType = sourcecode.swift; path = "Nimble+Rx.swift"; sourceTree = "<group>"; };
		DB2D15B482D664CDDC106D78 /* AppDelegate.swift */ = {isa = PBXFileReference; lastKnownFileType = sourcecode.swift; path = AppDelegate.swift; sourceTree = "<group>"; };
		E1BFF72070CD8356D549B257 /* Pods-Demo.release.xcconfig */ = {isa = PBXFileReference; includeInIndex = 1; lastKnownFileType = text.xcconfig; name = "Pods-Demo.release.xcconfig"; path = "Target Support Files/Pods-Demo/Pods-Demo.release.xcconfig"; sourceTree = "<group>"; };
		ED5A26560E8F7023EF90FFD9 /* Pods-Demo.debug.xcconfig */ = {isa = PBXFileReference; includeInIndex = 1; lastKnownFileType = text.xcconfig; name = "Pods-Demo.debug.xcconfig"; path = "Target Support Files/Pods-Demo/Pods-Demo.debug.xcconfig"; sourceTree = "<group>"; };
		F376543AF289335902AEC1F4 /* Base */ = {isa = PBXFileReference; lastKnownFileType = file.storyboard; name = Base; path = Base.lproj/LaunchScreen.storyboard; sourceTree = "<group>"; };
/* End PBXFileReference section */

/* Begin PBXFrameworksBuildPhase section */
		0EA4B6B72DACF2A35CEB6131 /* Frameworks */ = {
			isa = PBXFrameworksBuildPhase;
			buildActionMask = 2147483647;
			files = (
				FB4F161405998F24B016C84F /* libPods-iOSTests.a in Frameworks */,
			);
			runOnlyForDeploymentPostprocessing = 0;
		};
		0EF5BC96432C36FA49ADB3DE /* Frameworks */ = {
			isa = PBXFrameworksBuildPhase;
			buildActionMask = 2147483647;
			files = (
				6B64766B16A1D53BC53CB13F /* libPods-Demo.a in Frameworks */,
			);
			runOnlyForDeploymentPostprocessing = 0;
		};
/* End PBXFrameworksBuildPhase section */

/* Begin PBXGroup section */
		22B438177D44BA58FE9E9CED /* Resources */ = {
			isa = PBXGroup;
			children = (
				A2BDF668E5527A468941B690 /* 01.mov */,
			);
			path = Resources;
			sourceTree = "<group>";
		};
		2B5D5A558224CCAA9CA2945E /* iOSTests */ = {
			isa = PBXGroup;
			children = (
				59A64023261DD9AD8C78C73A /* AVPlaybackSpec.swift */,
				B85E68E668A13EAFEF3D08D7 /* Info.plist */,
				D2121AA69705C474F73AFBAB /* Nimble+Rx.swift */,
				7A07F1E77017C84BEB72B7BD /* TestControls.swift */,
				3602B290AE9352EBC8B9EA83 /* TestPlayback.swift */,
				6746EBABD9EBECF240CDC978 /* VideoPlayerControlsViewModelSpec.swift */,
				0E7907C8059BF82803FBFFF8 /* VideoPlayerViewModelSpec.swift */,
			);
			path = iOSTests;
			sourceTree = "<group>";
		};
		49E5059E0056D5BAEBCE1F6D /* Products */ = {
			isa = PBXGroup;
			children = (
				383ACD9866256D8F1DC81707 /* Demo.app */,
				82425E00B614E7566B881879 /* iOSTests.xctest */,
			);
			name = Products;
			sourceTree = "<group>";
		};
		74AC89D577005DE535792ED2 /* Demo */ = {
			isa = PBXGroup;
			children = (
				DB2D15B482D664CDDC106D78 /* AppDelegate.swift */,
				741095934EDACBFE50A01682 /* Assets.xcassets */,
				AE185D24FE500657B10A7176 /* ConstraintsVideoCell.swift */,
				89A3226A08F5E57DDD205FDD /* DetailsViewController.swift */,
				3D845AD143E3664DB322D6AA /* Info.plist */,
				EE519587BAD7641B6B849C06 /* LaunchScreen.storyboard */,
				03C1E7910D980A61AF01A3E2 /* PlaceholderCell.swift */,
				9371607803C4CB55270B4A68 /* VideoCell.swift */,
				2491B17C83E8893029F24C24 /* VideosInListViewController.swift */,
				22B438177D44BA58FE9E9CED /* Resources */,
				AA67A47C23B4B60F00E6762E /* PlayerWrapperController.swift */,
				AA47F6A12626CF7B00F547ED /* BaseChromecastController.swift */,
			);
			path = Demo;
			sourceTree = "<group>";
		};
		AC4DF8394C767D1AEAE4F59F = {
			isa = PBXGroup;
			children = (
				74AC89D577005DE535792ED2 /* Demo */,
				2B5D5A558224CCAA9CA2945E /* iOSTests */,
				49E5059E0056D5BAEBCE1F6D /* Products */,
				B6942DB16431866114F6BD14 /* Pods */,
				D5D1DB260BEF44DD5C0706A0 /* Frameworks */,
			);
			indentWidth = 2;
			sourceTree = "<group>";
			tabWidth = 2;
		};
		B6942DB16431866114F6BD14 /* Pods */ = {
			isa = PBXGroup;
			children = (
				ED5A26560E8F7023EF90FFD9 /* Pods-Demo.debug.xcconfig */,
				E1BFF72070CD8356D549B257 /* Pods-Demo.release.xcconfig */,
				4B55BA94868EDCE26769A9F1 /* Pods-iOSTests.debug.xcconfig */,
				39697E697E2447EA1C9FC5EF /* Pods-iOSTests.release.xcconfig */,
			);
			path = Pods;
			sourceTree = "<group>";
		};
		D5D1DB260BEF44DD5C0706A0 /* Frameworks */ = {
			isa = PBXGroup;
			children = (
				0975C32E996644CA0176259D /* libPods-Demo.a */,
				BA811BFDCD56FEC95F3712B2 /* libPods-iOSTests.a */,
			);
			name = Frameworks;
			sourceTree = "<group>";
		};
/* End PBXGroup section */

/* Begin PBXNativeTarget section */
		0D58588B0E37E0BE4C743920 /* Demo */ = {
			isa = PBXNativeTarget;
			buildConfigurationList = 10F28B14CA2574EE401DF846 /* Build configuration list for PBXNativeTarget "Demo" */;
			buildPhases = (
				25F4F122AC2F9201EFE142B5 /* [CP] Check Pods Manifest.lock */,
				FCDA53661F9A1FA5AFB45CF1 /* Sources */,
				0D27132BFF9273FB56B7A144 /* Resources */,
				0EF5BC96432C36FA49ADB3DE /* Frameworks */,
				7DD7890264C6D6891BB34E18 /* [CP] Copy Pods Resources */,
			);
			buildRules = (
			);
			dependencies = (
			);
			name = Demo;
			productName = Demo;
			productReference = 383ACD9866256D8F1DC81707 /* Demo.app */;
			productType = "com.apple.product-type.application";
		};
		55CF09DFF52CF33B5AAA4058 /* iOSTests */ = {
			isa = PBXNativeTarget;
			buildConfigurationList = EF6284094D0D0297681763E8 /* Build configuration list for PBXNativeTarget "iOSTests" */;
			buildPhases = (
				D8E68DD9329CC5A41DA84C7B /* [CP] Check Pods Manifest.lock */,
				24555B725BB7638556DFEE1D /* Sources */,
				0EA4B6B72DACF2A35CEB6131 /* Frameworks */,
			);
			buildRules = (
			);
			dependencies = (
			);
			name = iOSTests;
			productName = iOSTests;
			productReference = 82425E00B614E7566B881879 /* iOSTests.xctest */;
			productType = "com.apple.product-type.bundle.unit-test";
		};
/* End PBXNativeTarget section */

/* Begin PBXProject section */
		AEAB5412B274DD90423CD9B1 /* Project object */ = {
			isa = PBXProject;
			attributes = {
				LastUpgradeCheck = 1130;
			};
			buildConfigurationList = 1D094298A3A77204A19BCEA5 /* Build configuration list for PBXProject "Dioptra" */;
			compatibilityVersion = "Xcode 10.0";
			developmentRegion = en;
			hasScannedForEncodings = 0;
			knownRegions = (
				en,
				Base,
			);
			mainGroup = AC4DF8394C767D1AEAE4F59F;
			productRefGroup = 49E5059E0056D5BAEBCE1F6D /* Products */;
			projectDirPath = "";
			projectRoot = "";
			targets = (
				0D58588B0E37E0BE4C743920 /* Demo */,
				55CF09DFF52CF33B5AAA4058 /* iOSTests */,
			);
		};
/* End PBXProject section */

/* Begin PBXResourcesBuildPhase section */
		0D27132BFF9273FB56B7A144 /* Resources */ = {
			isa = PBXResourcesBuildPhase;
			buildActionMask = 2147483647;
			files = (
				BFA4F03A0A6D060BA2D66C72 /* 01.mov in Resources */,
				25CAC39070CAE128379DE65C /* Assets.xcassets in Resources */,
				892AB3CBBDA35A6F06863B3D /* LaunchScreen.storyboard in Resources */,
			);
			runOnlyForDeploymentPostprocessing = 0;
		};
/* End PBXResourcesBuildPhase section */

/* Begin PBXShellScriptBuildPhase section */
		25F4F122AC2F9201EFE142B5 /* [CP] Check Pods Manifest.lock */ = {
			isa = PBXShellScriptBuildPhase;
			buildActionMask = 2147483647;
			files = (
			);
			inputFileListPaths = (
			);
			inputPaths = (
				"${PODS_PODFILE_DIR_PATH}/Podfile.lock",
				"${PODS_ROOT}/Manifest.lock",
			);
			name = "[CP] Check Pods Manifest.lock";
			outputFileListPaths = (
			);
			outputPaths = (
				"$(DERIVED_FILE_DIR)/Pods-Demo-checkManifestLockResult.txt",
			);
			runOnlyForDeploymentPostprocessing = 0;
			shellPath = /bin/sh;
			shellScript = "diff \"${PODS_PODFILE_DIR_PATH}/Podfile.lock\" \"${PODS_ROOT}/Manifest.lock\" > /dev/null\nif [ $? != 0 ] ; then\n    # print error to STDERR\n    echo \"error: The sandbox is not in sync with the Podfile.lock. Run 'pod install' or update your CocoaPods installation.\" >&2\n    exit 1\nfi\n# This output is used by Xcode 'outputs' to avoid re-running this script phase.\necho \"SUCCESS\" > \"${SCRIPT_OUTPUT_FILE_0}\"\n";
			showEnvVarsInLog = 0;
		};
		7DD7890264C6D6891BB34E18 /* [CP] Copy Pods Resources */ = {
			isa = PBXShellScriptBuildPhase;
			buildActionMask = 2147483647;
			files = (
			);
			inputFileListPaths = (
			);
			name = "[CP] Copy Pods Resources";
			outputFileListPaths = (
			);
			runOnlyForDeploymentPostprocessing = 0;
			shellPath = /bin/sh;
			shellScript = "\"${PODS_ROOT}/Target Support Files/Pods-Demo/Pods-Demo-resources.sh\"\n";
			showEnvVarsInLog = 0;
		};
		D8E68DD9329CC5A41DA84C7B /* [CP] Check Pods Manifest.lock */ = {
			isa = PBXShellScriptBuildPhase;
			buildActionMask = 2147483647;
			files = (
			);
			inputFileListPaths = (
			);
			inputPaths = (
				"${PODS_PODFILE_DIR_PATH}/Podfile.lock",
				"${PODS_ROOT}/Manifest.lock",
			);
			name = "[CP] Check Pods Manifest.lock";
			outputFileListPaths = (
			);
			outputPaths = (
				"$(DERIVED_FILE_DIR)/Pods-iOSTests-checkManifestLockResult.txt",
			);
			runOnlyForDeploymentPostprocessing = 0;
			shellPath = /bin/sh;
			shellScript = "diff \"${PODS_PODFILE_DIR_PATH}/Podfile.lock\" \"${PODS_ROOT}/Manifest.lock\" > /dev/null\nif [ $? != 0 ] ; then\n    # print error to STDERR\n    echo \"error: The sandbox is not in sync with the Podfile.lock. Run 'pod install' or update your CocoaPods installation.\" >&2\n    exit 1\nfi\n# This output is used by Xcode 'outputs' to avoid re-running this script phase.\necho \"SUCCESS\" > \"${SCRIPT_OUTPUT_FILE_0}\"\n";
			showEnvVarsInLog = 0;
		};
/* End PBXShellScriptBuildPhase section */

/* Begin PBXSourcesBuildPhase section */
		24555B725BB7638556DFEE1D /* Sources */ = {
			isa = PBXSourcesBuildPhase;
			buildActionMask = 2147483647;
			files = (
				5B55C912F0C3F7563D97DF23 /* AVPlaybackSpec.swift in Sources */,
				CC172CA82A32A32D8A52641D /* Nimble+Rx.swift in Sources */,
				10F3EF8AC432024F9B28BCFB /* TestControls.swift in Sources */,
				9A4879ADE1CD35C7B273DF26 /* TestPlayback.swift in Sources */,
				2161AAEB6CB4B2444F0FF12B /* VideoPlayerControlsViewModelSpec.swift in Sources */,
				48D54F3671F72177C9C39DA0 /* VideoPlayerViewModelSpec.swift in Sources */,
			);
			runOnlyForDeploymentPostprocessing = 0;
		};
		FCDA53661F9A1FA5AFB45CF1 /* Sources */ = {
			isa = PBXSourcesBuildPhase;
			buildActionMask = 2147483647;
			files = (
				C397DB06E99957B96ED1C2E3 /* AppDelegate.swift in Sources */,
				AA47F6A22626CF7B00F547ED /* BaseChromecastController.swift in Sources */,
				BD02BD952D5AF6417AC13E01 /* ConstraintsVideoCell.swift in Sources */,
				CF33803EBEBDC2ED96883A87 /* DetailsViewController.swift in Sources */,
				963F8C43F1570615B3F80380 /* PlaceholderCell.swift in Sources */,
				9D5AEA947FEC12FE6288EA79 /* VideoCell.swift in Sources */,
				AA67A47D23B4B60F00E6762E /* PlayerWrapperController.swift in Sources */,
				DBF9B3D4C7F086DEAE0B29D0 /* VideosInListViewController.swift in Sources */,
			);
			runOnlyForDeploymentPostprocessing = 0;
		};
/* End PBXSourcesBuildPhase section */

/* Begin PBXVariantGroup section */
		EE519587BAD7641B6B849C06 /* LaunchScreen.storyboard */ = {
			isa = PBXVariantGroup;
			children = (
				F376543AF289335902AEC1F4 /* Base */,
			);
			name = LaunchScreen.storyboard;
			sourceTree = "<group>";
		};
/* End PBXVariantGroup section */

/* Begin XCBuildConfiguration section */
		4B2663277855AF5F23C0C52D /* Debug */ = {
			isa = XCBuildConfiguration;
			baseConfigurationReference = 4B55BA94868EDCE26769A9F1 /* Pods-iOSTests.debug.xcconfig */;
			buildSettings = {
				BUNDLE_LOADER = "$(TEST_HOST)";
				INFOPLIST_FILE = iOSTests/Info.plist;
				LD_RUNPATH_SEARCH_PATHS = (
					"$(inherited)",
					"@executable_path/Frameworks",
					"@loader_path/Frameworks",
				);
				SDKROOT = iphoneos;
				TARGETED_DEVICE_FAMILY = "1,2";
			};
			name = Debug;
		};
		A7BDA3063002AF45608A0D4F /* Release */ = {
			isa = XCBuildConfiguration;
			baseConfigurationReference = 39697E697E2447EA1C9FC5EF /* Pods-iOSTests.release.xcconfig */;
			buildSettings = {
				BUNDLE_LOADER = "$(TEST_HOST)";
				INFOPLIST_FILE = iOSTests/Info.plist;
				LD_RUNPATH_SEARCH_PATHS = (
					"$(inherited)",
					"@executable_path/Frameworks",
					"@loader_path/Frameworks",
				);
				SDKROOT = iphoneos;
				TARGETED_DEVICE_FAMILY = "1,2";
			};
			name = Release;
		};
		A8C1E00307A7661E4DB6F87C /* Debug */ = {
			isa = XCBuildConfiguration;
			baseConfigurationReference = ED5A26560E8F7023EF90FFD9 /* Pods-Demo.debug.xcconfig */;
			buildSettings = {
				ASSETCATALOG_COMPILER_APPICON_NAME = AppIcon;
				CODE_SIGN_IDENTITY = "iPhone Developer";
				DEVELOPMENT_TEAM = JPS45PPV79;
				INFOPLIST_FILE = Demo/Info.plist;
				IPHONEOS_DEPLOYMENT_TARGET = 10.0;
				LD_RUNPATH_SEARCH_PATHS = (
					"$(inherited)",
					"@executable_path/Frameworks",
				);
				PRODUCT_BUNDLE_IDENTIFIER = com.dev.dioptra;
				SDKROOT = iphoneos;
				SWIFT_VERSION = 5.1;
				TARGETED_DEVICE_FAMILY = 1;
			};
			name = Debug;
		};
		B46F826D9AD2EC72D9E39378 /* Debug */ = {
			isa = XCBuildConfiguration;
			buildSettings = {
				ALWAYS_SEARCH_USER_PATHS = NO;
				CLANG_ANALYZER_NONNULL = YES;
				CLANG_ANALYZER_NUMBER_OBJECT_CONVERSION = YES_AGGRESSIVE;
				CLANG_CXX_LANGUAGE_STANDARD = "gnu++14";
				CLANG_CXX_LIBRARY = "libc++";
				CLANG_ENABLE_MODULES = YES;
				CLANG_ENABLE_OBJC_ARC = YES;
				CLANG_WARN_BLOCK_CAPTURE_AUTORELEASING = YES;
				CLANG_WARN_BOOL_CONVERSION = YES;
				CLANG_WARN_COMMA = YES;
				CLANG_WARN_CONSTANT_CONVERSION = YES;
				CLANG_WARN_DEPRECATED_OBJC_IMPLEMENTATIONS = YES;
				CLANG_WARN_DIRECT_OBJC_ISA_USAGE = YES_ERROR;
				CLANG_WARN_DOCUMENTATION_COMMENTS = YES;
				CLANG_WARN_EMPTY_BODY = YES;
				CLANG_WARN_ENUM_CONVERSION = YES;
				CLANG_WARN_INFINITE_RECURSION = YES;
				CLANG_WARN_INT_CONVERSION = YES;
				CLANG_WARN_NON_LITERAL_NULL_CONVERSION = YES;
				CLANG_WARN_OBJC_IMPLICIT_RETAIN_SELF = YES;
				CLANG_WARN_OBJC_LITERAL_CONVERSION = YES;
				CLANG_WARN_OBJC_ROOT_CLASS = YES_ERROR;
				CLANG_WARN_RANGE_LOOP_ANALYSIS = YES;
				CLANG_WARN_STRICT_PROTOTYPES = YES;
				CLANG_WARN_SUSPICIOUS_MOVE = YES;
				CLANG_WARN_UNGUARDED_AVAILABILITY = YES_AGGRESSIVE;
				CLANG_WARN_UNREACHABLE_CODE = YES;
				CLANG_WARN__DUPLICATE_METHOD_MATCH = YES;
				COPY_PHASE_STRIP = NO;
				DEBUG_INFORMATION_FORMAT = dwarf;
				ENABLE_STRICT_OBJC_MSGSEND = YES;
				ENABLE_TESTABILITY = YES;
				GCC_C_LANGUAGE_STANDARD = gnu11;
				GCC_DYNAMIC_NO_PIC = NO;
				GCC_NO_COMMON_BLOCKS = YES;
				GCC_OPTIMIZATION_LEVEL = 0;
				GCC_PREPROCESSOR_DEFINITIONS = (
					"$(inherited)",
					"DEBUG=1",
				);
				GCC_WARN_64_TO_32_BIT_CONVERSION = YES;
				GCC_WARN_ABOUT_RETURN_TYPE = YES_ERROR;
				GCC_WARN_UNDECLARED_SELECTOR = YES;
				GCC_WARN_UNINITIALIZED_AUTOS = YES_AGGRESSIVE;
				GCC_WARN_UNUSED_FUNCTION = YES;
				GCC_WARN_UNUSED_VARIABLE = YES;
				MTL_ENABLE_DEBUG_INFO = YES;
				ONLY_ACTIVE_ARCH = YES;
				PRODUCT_NAME = "$(TARGET_NAME)";
				SDKROOT = iphoneos;
				SWIFT_ACTIVE_COMPILATION_CONDITIONS = DEBUG;
				SWIFT_OPTIMIZATION_LEVEL = "-Onone";
				SWIFT_VERSION = 5.0;
			};
			name = Debug;
		};
		D96F54CBF5F73FC63051D7ED /* Release */ = {
			isa = XCBuildConfiguration;
			buildSettings = {
				ALWAYS_SEARCH_USER_PATHS = NO;
				CLANG_ANALYZER_NONNULL = YES;
				CLANG_ANALYZER_NUMBER_OBJECT_CONVERSION = YES_AGGRESSIVE;
				CLANG_CXX_LANGUAGE_STANDARD = "gnu++14";
				CLANG_CXX_LIBRARY = "libc++";
				CLANG_ENABLE_MODULES = YES;
				CLANG_ENABLE_OBJC_ARC = YES;
				CLANG_WARN_BLOCK_CAPTURE_AUTORELEASING = YES;
				CLANG_WARN_BOOL_CONVERSION = YES;
				CLANG_WARN_COMMA = YES;
				CLANG_WARN_CONSTANT_CONVERSION = YES;
				CLANG_WARN_DEPRECATED_OBJC_IMPLEMENTATIONS = YES;
				CLANG_WARN_DIRECT_OBJC_ISA_USAGE = YES_ERROR;
				CLANG_WARN_DOCUMENTATION_COMMENTS = YES;
				CLANG_WARN_EMPTY_BODY = YES;
				CLANG_WARN_ENUM_CONVERSION = YES;
				CLANG_WARN_INFINITE_RECURSION = YES;
				CLANG_WARN_INT_CONVERSION = YES;
				CLANG_WARN_NON_LITERAL_NULL_CONVERSION = YES;
				CLANG_WARN_OBJC_IMPLICIT_RETAIN_SELF = YES;
				CLANG_WARN_OBJC_LITERAL_CONVERSION = YES;
				CLANG_WARN_OBJC_ROOT_CLASS = YES_ERROR;
				CLANG_WARN_RANGE_LOOP_ANALYSIS = YES;
				CLANG_WARN_STRICT_PROTOTYPES = YES;
				CLANG_WARN_SUSPICIOUS_MOVE = YES;
				CLANG_WARN_UNGUARDED_AVAILABILITY = YES_AGGRESSIVE;
				CLANG_WARN_UNREACHABLE_CODE = YES;
				CLANG_WARN__DUPLICATE_METHOD_MATCH = YES;
				COPY_PHASE_STRIP = NO;
				DEBUG_INFORMATION_FORMAT = "dwarf-with-dsym";
				ENABLE_NS_ASSERTIONS = NO;
				ENABLE_STRICT_OBJC_MSGSEND = YES;
				GCC_C_LANGUAGE_STANDARD = gnu11;
				GCC_NO_COMMON_BLOCKS = YES;
				GCC_WARN_64_TO_32_BIT_CONVERSION = YES;
				GCC_WARN_ABOUT_RETURN_TYPE = YES_ERROR;
				GCC_WARN_UNDECLARED_SELECTOR = YES;
				GCC_WARN_UNINITIALIZED_AUTOS = YES_AGGRESSIVE;
				GCC_WARN_UNUSED_FUNCTION = YES;
				GCC_WARN_UNUSED_VARIABLE = YES;
				PRODUCT_NAME = "$(TARGET_NAME)";
				SDKROOT = iphoneos;
				SWIFT_COMPILATION_MODE = wholemodule;
				SWIFT_VERSION = 5.0;
				VALIDATE_PRODUCT = YES;
			};
			name = Release;
		};
		FCB2AB771059596C6496ED4C /* Release */ = {
			isa = XCBuildConfiguration;
			baseConfigurationReference = E1BFF72070CD8356D549B257 /* Pods-Demo.release.xcconfig */;
			buildSettings = {
				ASSETCATALOG_COMPILER_APPICON_NAME = AppIcon;
				CODE_SIGN_IDENTITY = "iPhone Developer";
				DEVELOPMENT_TEAM = JPS45PPV79;
				INFOPLIST_FILE = Demo/Info.plist;
				IPHONEOS_DEPLOYMENT_TARGET = 10.0;
				LD_RUNPATH_SEARCH_PATHS = (
					"$(inherited)",
					"@executable_path/Frameworks",
				);
				PRODUCT_BUNDLE_IDENTIFIER = com.dev.dioptra;
				SDKROOT = iphoneos;
				SWIFT_VERSION = 5.1;
				TARGETED_DEVICE_FAMILY = 1;
			};
			name = Release;
		};
/* End XCBuildConfiguration section */

/* Begin XCConfigurationList section */
		10F28B14CA2574EE401DF846 /* Build configuration list for PBXNativeTarget "Demo" */ = {
			isa = XCConfigurationList;
			buildConfigurations = (
				A8C1E00307A7661E4DB6F87C /* Debug */,
				FCB2AB771059596C6496ED4C /* Release */,
			);
			defaultConfigurationIsVisible = 0;
			defaultConfigurationName = "";
		};
		1D094298A3A77204A19BCEA5 /* Build configuration list for PBXProject "Dioptra" */ = {
			isa = XCConfigurationList;
			buildConfigurations = (
				B46F826D9AD2EC72D9E39378 /* Debug */,
				D96F54CBF5F73FC63051D7ED /* Release */,
			);
			defaultConfigurationIsVisible = 0;
			defaultConfigurationName = Debug;
		};
		EF6284094D0D0297681763E8 /* Build configuration list for PBXNativeTarget "iOSTests" */ = {
			isa = XCConfigurationList;
			buildConfigurations = (
				4B2663277855AF5F23C0C52D /* Debug */,
				A7BDA3063002AF45608A0D4F /* Release */,
			);
			defaultConfigurationIsVisible = 0;
			defaultConfigurationName = "";
		};
/* End XCConfigurationList section */
	};
	rootObject = AEAB5412B274DD90423CD9B1 /* Project object */;
}
